
Microsoft Visual Studio Solution File, Format Version 12.00
# Visual Studio Version 16
VisualStudioVersion = 16.0.31729.503
MinimumVisualStudioVersion = 10.0.40219.1
Project("{9A19103F-16F7-4668-BE54-9A1E7A4F7556}") = "LoanCalculator", "LoanCalculator\LoanCalculator.csproj", "{BDE5B384-3B59-45D3-B457-FCDA9C4FBEC0}"
EndProject
Project("{FAE04EC0-301F-11D3-BF4B-00C04F79EFBC}") = "LoanCalculator.Tests", "LoanCalculator.Tests\LoanCalculator.Tests.csproj", "{2A42D4C9-1625-4EEA-98A2-8F70838544DF}"
EndProject
Global
	GlobalSection(SolutionConfigurationPlatforms) = preSolution
		Debug|Any CPU = Debug|Any CPU
		Release|Any CPU = Release|Any CPU
	EndGlobalSection
	GlobalSection(ProjectConfigurationPlatforms) = postSolution
		{BDE5B384-3B59-45D3-B457-FCDA9C4FBEC0}.Debug|Any CPU.ActiveCfg = Debug|Any CPU
		{BDE5B384-3B59-45D3-B457-FCDA9C4FBEC0}.Debug|Any CPU.Build.0 = Debug|Any CPU
		{BDE5B384-3B59-45D3-B457-FCDA9C4FBEC0}.Release|Any CPU.ActiveCfg = Release|Any CPU
		{BDE5B384-3B59-45D3-B457-FCDA9C4FBEC0}.Release|Any CPU.Build.0 = Release|Any CPU
		{2A42D4C9-1625-4EEA-98A2-8F70838544DF}.Debug|Any CPU.ActiveCfg = Debug|Any CPU
		{2A42D4C9-1625-4EEA-98A2-8F70838544DF}.Debug|Any CPU.Build.0 = Debug|Any CPU
		{2A42D4C9-1625-4EEA-98A2-8F70838544DF}.Release|Any CPU.ActiveCfg = Release|Any CPU
		{2A42D4C9-1625-4EEA-98A2-8F70838544DF}.Release|Any CPU.Build.0 = Release|Any CPU
	EndGlobalSection
	GlobalSection(SolutionProperties) = preSolution
		HideSolutionNode = FALSE
	EndGlobalSection
	GlobalSection(ExtensibilityGlobals) = postSolution
		SolutionGuid = {7EDEE1BD-9374-4E90-A6E9-8B1DAE5277A6}
	EndGlobalSection
EndGlobal
